// !$*UTF8*$!
{
	archiveVersion = 1;
	classes = {
	};
	objectVersion = 46;
	objects = {

/* Begin PBXBuildFile section */
		310E562F18D6849400CE3604 /* tableBarViewController.m in Sources */ = {isa = PBXBuildFile; fileRef = 310E562E18D6849400CE3604 /* tableBarViewController.m */; };
		310E563218D684B600CE3604 /* OneViewController.m in Sources */ = {isa = PBXBuildFile; fileRef = 310E563118D684B600CE3604 /* OneViewController.m */; };
		310E563518D684C500CE3604 /* TwoViewController.m in Sources */ = {isa = PBXBuildFile; fileRef = 310E563418D684C500CE3604 /* TwoViewController.m */; };
		310E563818D684D500CE3604 /* ThreeViewController.m in Sources */ = {isa = PBXBuildFile; fileRef = 310E563718D684D500CE3604 /* ThreeViewController.m */; };
		310E563B18D684E300CE3604 /* FourViewController.m in Sources */ = {isa = PBXBuildFile; fileRef = 310E563A18D684E300CE3604 /* FourViewController.m */; };
		3114417518CE99C700E1AFA4 /* Foundation.framework in Frameworks */ = {isa = PBXBuildFile; fileRef = 3114417418CE99C700E1AFA4 /* Foundation.framework */; };
		3114417718CE99C700E1AFA4 /* CoreGraphics.framework in Frameworks */ = {isa = PBXBuildFile; fileRef = 3114417618CE99C700E1AFA4 /* CoreGraphics.framework */; };
		3114417918CE99C700E1AFA4 /* UIKit.framework in Frameworks */ = {isa = PBXBuildFile; fileRef = 3114417818CE99C700E1AFA4 /* UIKit.framework */; };
		3114417F18CE99C700E1AFA4 /* InfoPlist.strings in Resources */ = {isa = PBXBuildFile; fileRef = 3114417D18CE99C700E1AFA4 /* InfoPlist.strings */; };
		3114418118CE99C700E1AFA4 /* main.m in Sources */ = {isa = PBXBuildFile; fileRef = 3114418018CE99C700E1AFA4 /* main.m */; };
		3114418518CE99C700E1AFA4 /* AppDelegate.m in Sources */ = {isa = PBXBuildFile; fileRef = 3114418418CE99C700E1AFA4 /* AppDelegate.m */; };
		3114418818CE99C700E1AFA4 /* Main.storyboard in Resources */ = {isa = PBXBuildFile; fileRef = 3114418618CE99C700E1AFA4 /* Main.storyboard */; };
		3114418B18CE99C700E1AFA4 /* ViewController.m in Sources */ = {isa = PBXBuildFile; fileRef = 3114418A18CE99C700E1AFA4 /* ViewController.m */; };
		3114418D18CE99C700E1AFA4 /* Images.xcassets in Resources */ = {isa = PBXBuildFile; fileRef = 3114418C18CE99C700E1AFA4 /* Images.xcassets */; };
		3114419418CE99C700E1AFA4 /* XCTest.framework in Frameworks */ = {isa = PBXBuildFile; fileRef = 3114419318CE99C700E1AFA4 /* XCTest.framework */; };
		3114419518CE99C700E1AFA4 /* Foundation.framework in Frameworks */ = {isa = PBXBuildFile; fileRef = 3114417418CE99C700E1AFA4 /* Foundation.framework */; };
		3114419618CE99C700E1AFA4 /* UIKit.framework in Frameworks */ = {isa = PBXBuildFile; fileRef = 3114417818CE99C700E1AFA4 /* UIKit.framework */; };
		3114419E18CE99C700E1AFA4 /* InfoPlist.strings in Resources */ = {isa = PBXBuildFile; fileRef = 3114419C18CE99C700E1AFA4 /* InfoPlist.strings */; };
		311441A018CE99C700E1AFA4 /* AutoLoodViewDemoTests.m in Sources */ = {isa = PBXBuildFile; fileRef = 3114419F18CE99C700E1AFA4 /* AutoLoodViewDemoTests.m */; };
		311441AA18CE9F1300E1AFA4 /* DocumentsLayout.json in Resources */ = {isa = PBXBuildFile; fileRef = 311441A918CE9F1300E1AFA4 /* DocumentsLayout.json */; };
		31A9424B18D038E000DA2EDF /* firstViewController.m in Sources */ = {isa = PBXBuildFile; fileRef = 31A9424A18D038E000DA2EDF /* firstViewController.m */; };
		31A9424E18D038EF00DA2EDF /* secondViewController.m in Sources */ = {isa = PBXBuildFile; fileRef = 31A9424D18D038EF00DA2EDF /* secondViewController.m */; };
		31A9425118D0394B00DA2EDF /* DataListClass.m in Sources */ = {isa = PBXBuildFile; fileRef = 31A9425018D0394B00DA2EDF /* DataListClass.m */; };
		31A9425518D0471900DA2EDF /* DocumentsLayout_2.json in Resources */ = {isa = PBXBuildFile; fileRef = 31A9425318D0471900DA2EDF /* DocumentsLayout_2.json */; };
		31A9425618D0471900DA2EDF /* DocumentsLayout_1.json in Resources */ = {isa = PBXBuildFile; fileRef = 31A9425418D0471900DA2EDF /* DocumentsLayout_1.json */; };
		31A9425918D05B0700DA2EDF /* customButton.m in Sources */ = {isa = PBXBuildFile; fileRef = 31A9425818D05B0700DA2EDF /* customButton.m */; };
		31AD933C18D199E8007F4CBF /* customView.m in Sources */ = {isa = PBXBuildFile; fileRef = 31AD933B18D199E8007F4CBF /* customView.m */; };
		31AD933E18D19DB1007F4CBF /* 2.png in Resources */ = {isa = PBXBuildFile; fileRef = 31AD933D18D19DB1007F4CBF /* 2.png */; };
/* End PBXBuildFile section */

/* Begin PBXContainerItemProxy section */
		3114419718CE99C700E1AFA4 /* PBXContainerItemProxy */ = {
			isa = PBXContainerItemProxy;
			containerPortal = 3114416918CE99C700E1AFA4 /* Project object */;
			proxyType = 1;
			remoteGlobalIDString = 3114417018CE99C700E1AFA4;
			remoteInfo = AutoLoodViewDemo;
		};
/* End PBXContainerItemProxy section */

/* Begin PBXFileReference section */
		310E562D18D6849300CE3604 /* tableBarViewController.h */ = {isa = PBXFileReference; fileEncoding = 4; lastKnownFileType = sourcecode.c.h; path = tableBarViewController.h; sourceTree = "<group>"; };
		310E562E18D6849400CE3604 /* tableBarViewController.m */ = {isa = PBXFileReference; fileEncoding = 4; lastKnownFileType = sourcecode.c.objc; path = tableBarViewController.m; sourceTree = "<group>"; };
		310E563018D684B600CE3604 /* OneViewController.h */ = {isa = PBXFileReference; fileEncoding = 4; lastKnownFileType = sourcecode.c.h; path = OneViewController.h; sourceTree = "<group>"; };
		310E563118D684B600CE3604 /* OneViewController.m */ = {isa = PBXFileReference; fileEncoding = 4; lastKnownFileType = sourcecode.c.objc; path = OneViewController.m; sourceTree = "<group>"; };
		310E563318D684C500CE3604 /* TwoViewController.h */ = {isa = PBXFileReference; fileEncoding = 4; lastKnownFileType = sourcecode.c.h; path = TwoViewController.h; sourceTree = "<group>"; };
		310E563418D684C500CE3604 /* TwoViewController.m */ = {isa = PBXFileReference; fileEncoding = 4; lastKnownFileType = sourcecode.c.objc; path = TwoViewController.m; sourceTree = "<group>"; };
		310E563618D684D500CE3604 /* ThreeViewController.h */ = {isa = PBXFileReference; fileEncoding = 4; lastKnownFileType = sourcecode.c.h; path = ThreeViewController.h; sourceTree = "<group>"; };
		310E563718D684D500CE3604 /* ThreeViewController.m */ = {isa = PBXFileReference; fileEncoding = 4; lastKnownFileType = sourcecode.c.objc; path = ThreeViewController.m; sourceTree = "<group>"; };
		310E563918D684E300CE3604 /* FourViewController.h */ = {isa = PBXFileReference; fileEncoding = 4; lastKnownFileType = sourcecode.c.h; path = FourViewController.h; sourceTree = "<group>"; };
		310E563A18D684E300CE3604 /* FourViewController.m */ = {isa = PBXFileReference; fileEncoding = 4; lastKnownFileType = sourcecode.c.objc; path = FourViewController.m; sourceTree = "<group>"; };
		3114417118CE99C700E1AFA4 /* AutoLoodViewDemo.app */ = {isa = PBXFileReference; explicitFileType = wrapper.application; includeInIndex = 0; path = AutoLoodViewDemo.app; sourceTree = BUILT_PRODUCTS_DIR; };
		3114417418CE99C700E1AFA4 /* Foundation.framework */ = {isa = PBXFileReference; lastKnownFileType = wrapper.framework; name = Foundation.framework; path = System/Library/Frameworks/Foundation.framework; sourceTree = SDKROOT; };
		3114417618CE99C700E1AFA4 /* CoreGraphics.framework */ = {isa = PBXFileReference; lastKnownFileType = wrapper.framework; name = CoreGraphics.framework; path = System/Library/Frameworks/CoreGraphics.framework; sourceTree = SDKROOT; };
		3114417818CE99C700E1AFA4 /* UIKit.framework */ = {isa = PBXFileReference; lastKnownFileType = wrapper.framework; name = UIKit.framework; path = System/Library/Frameworks/UIKit.framework; sourceTree = SDKROOT; };
		3114417C18CE99C700E1AFA4 /* AutoLoodViewDemo-Info.plist */ = {isa = PBXFileReference; lastKnownFileType = text.plist.xml; path = "AutoLoodViewDemo-Info.plist"; sourceTree = "<group>"; };
		3114417E18CE99C700E1AFA4 /* en */ = {isa = PBXFileReference; lastKnownFileType = text.plist.strings; name = en; path = en.lproj/InfoPlist.strings; sourceTree = "<group>"; };
		3114418018CE99C700E1AFA4 /* main.m */ = {isa = PBXFileReference; lastKnownFileType = sourcecode.c.objc; path = main.m; sourceTree = "<group>"; };
		3114418218CE99C700E1AFA4 /* AutoLoodViewDemo-Prefix.pch */ = {isa = PBXFileReference; lastKnownFileType = sourcecode.c.h; path = "AutoLoodViewDemo-Prefix.pch"; sourceTree = "<group>"; };
		3114418318CE99C700E1AFA4 /* AppDelegate.h */ = {isa = PBXFileReference; lastKnownFileType = sourcecode.c.h; path = AppDelegate.h; sourceTree = "<group>"; };
		3114418418CE99C700E1AFA4 /* AppDelegate.m */ = {isa = PBXFileReference; lastKnownFileType = sourcecode.c.objc; path = AppDelegate.m; sourceTree = "<group>"; };
		3114418718CE99C700E1AFA4 /* Base */ = {isa = PBXFileReference; lastKnownFileType = file.storyboard; name = Base; path = Base.lproj/Main.storyboard; sourceTree = "<group>"; };
		3114418918CE99C700E1AFA4 /* ViewController.h */ = {isa = PBXFileReference; lastKnownFileType = sourcecode.c.h; path = ViewController.h; sourceTree = "<group>"; };
		3114418A18CE99C700E1AFA4 /* ViewController.m */ = {isa = PBXFileReference; lastKnownFileType = sourcecode.c.objc; path = ViewController.m; sourceTree = "<group>"; };
		3114418C18CE99C700E1AFA4 /* Images.xcassets */ = {isa = PBXFileReference; lastKnownFileType = folder.assetcatalog; path = Images.xcassets; sourceTree = "<group>"; };
		3114419218CE99C700E1AFA4 /* AutoLoodViewDemoTests.xctest */ = {isa = PBXFileReference; explicitFileType = wrapper.cfbundle; includeInIndex = 0; path = AutoLoodViewDemoTests.xctest; sourceTree = BUILT_PRODUCTS_DIR; };
		3114419318CE99C700E1AFA4 /* XCTest.framework */ = {isa = PBXFileReference; lastKnownFileType = wrapper.framework; name = XCTest.framework; path = Library/Frameworks/XCTest.framework; sourceTree = DEVELOPER_DIR; };
		3114419B18CE99C700E1AFA4 /* AutoLoodViewDemoTests-Info.plist */ = {isa = PBXFileReference; lastKnownFileType = text.plist.xml; path = "AutoLoodViewDemoTests-Info.plist"; sourceTree = "<group>"; };
		3114419D18CE99C700E1AFA4 /* en */ = {isa = PBXFileReference; lastKnownFileType = text.plist.strings; name = en; path = en.lproj/InfoPlist.strings; sourceTree = "<group>"; };
		3114419F18CE99C700E1AFA4 /* AutoLoodViewDemoTests.m */ = {isa = PBXFileReference; lastKnownFileType = sourcecode.c.objc; path = AutoLoodViewDemoTests.m; sourceTree = "<group>"; };
		311441A918CE9F1300E1AFA4 /* DocumentsLayout.json */ = {isa = PBXFileReference; fileEncoding = 4; lastKnownFileType = text.json; path = DocumentsLayout.json; sourceTree = "<group>"; };
		31A9424918D038E000DA2EDF /* firstViewController.h */ = {isa = PBXFileReference; fileEncoding = 4; lastKnownFileType = sourcecode.c.h; path = firstViewController.h; sourceTree = "<group>"; };
		31A9424A18D038E000DA2EDF /* firstViewController.m */ = {isa = PBXFileReference; fileEncoding = 4; lastKnownFileType = sourcecode.c.objc; path = firstViewController.m; sourceTree = "<group>"; };
		31A9424C18D038EF00DA2EDF /* secondViewController.h */ = {isa = PBXFileReference; fileEncoding = 4; lastKnownFileType = sourcecode.c.h; path = secondViewController.h; sourceTree = "<group>"; };
		31A9424D18D038EF00DA2EDF /* secondViewController.m */ = {isa = PBXFileReference; fileEncoding = 4; lastKnownFileType = sourcecode.c.objc; path = secondViewController.m; sourceTree = "<group>"; };
		31A9424F18D0394B00DA2EDF /* DataListClass.h */ = {isa = PBXFileReference; fileEncoding = 4; lastKnownFileType = sourcecode.c.h; path = DataListClass.h; sourceTree = "<group>"; };
		31A9425018D0394B00DA2EDF /* DataListClass.m */ = {isa = PBXFileReference; fileEncoding = 4; lastKnownFileType = sourcecode.c.objc; path = DataListClass.m; sourceTree = "<group>"; };
		31A9425318D0471900DA2EDF /* DocumentsLayout_2.json */ = {isa = PBXFileReference; fileEncoding = 4; lastKnownFileType = text.json; path = DocumentsLayout_2.json; sourceTree = "<group>"; };
		31A9425418D0471900DA2EDF /* DocumentsLayout_1.json */ = {isa = PBXFileReference; fileEncoding = 4; lastKnownFileType = text.json; path = DocumentsLayout_1.json; sourceTree = "<group>"; };
		31A9425718D05B0700DA2EDF /* customButton.h */ = {isa = PBXFileReference; fileEncoding = 4; lastKnownFileType = sourcecode.c.h; path = customButton.h; sourceTree = "<group>"; };
		31A9425818D05B0700DA2EDF /* customButton.m */ = {isa = PBXFileReference; fileEncoding = 4; lastKnownFileType = sourcecode.c.objc; path = customButton.m; sourceTree = "<group>"; };
		31AD933A18D199E8007F4CBF /* customView.h */ = {isa = PBXFileReference; fileEncoding = 4; lastKnownFileType = sourcecode.c.h; path = customView.h; sourceTree = "<group>"; };
		31AD933B18D199E8007F4CBF /* customView.m */ = {isa = PBXFileReference; fileEncoding = 4; lastKnownFileType = sourcecode.c.objc; path = customView.m; sourceTree = "<group>"; };
		31AD933D18D19DB1007F4CBF /* 2.png */ = {isa = PBXFileReference; lastKnownFileType = image.png; path = 2.png; sourceTree = "<group>"; };
/* End PBXFileReference section */

/* Begin PBXFrameworksBuildPhase section */
		3114416E18CE99C700E1AFA4 /* Frameworks */ = {
			isa = PBXFrameworksBuildPhase;
			buildActionMask = 2147483647;
			files = (
				3114417718CE99C700E1AFA4 /* CoreGraphics.framework in Frameworks */,
				3114417918CE99C700E1AFA4 /* UIKit.framework in Frameworks */,
				3114417518CE99C700E1AFA4 /* Foundation.framework in Frameworks */,
			);
			runOnlyForDeploymentPostprocessing = 0;
		};
		3114418F18CE99C700E1AFA4 /* Frameworks */ = {
			isa = PBXFrameworksBuildPhase;
			buildActionMask = 2147483647;
			files = (
				3114419418CE99C700E1AFA4 /* XCTest.framework in Frameworks */,
				3114419618CE99C700E1AFA4 /* UIKit.framework in Frameworks */,
				3114419518CE99C700E1AFA4 /* Foundation.framework in Frameworks */,
			);
			runOnlyForDeploymentPostprocessing = 0;
		};
/* End PBXFrameworksBuildPhase section */

/* Begin PBXGroup section */
		3114416818CE99C700E1AFA4 = {
			isa = PBXGroup;
			children = (
				3114417A18CE99C700E1AFA4 /* AutoLoodViewDemo */,
				3114419918CE99C700E1AFA4 /* AutoLoodViewDemoTests */,
				3114417318CE99C700E1AFA4 /* Frameworks */,
				3114417218CE99C700E1AFA4 /* Products */,
			);
			sourceTree = "<group>";
		};
		3114417218CE99C700E1AFA4 /* Products */ = {
			isa = PBXGroup;
			children = (
				3114417118CE99C700E1AFA4 /* AutoLoodViewDemo.app */,
				3114419218CE99C700E1AFA4 /* AutoLoodViewDemoTests.xctest */,
			);
			name = Products;
			sourceTree = "<group>";
		};
		3114417318CE99C700E1AFA4 /* Frameworks */ = {
			isa = PBXGroup;
			children = (
				3114417418CE99C700E1AFA4 /* Foundation.framework */,
				3114417618CE99C700E1AFA4 /* CoreGraphics.framework */,
				3114417818CE99C700E1AFA4 /* UIKit.framework */,
				3114419318CE99C700E1AFA4 /* XCTest.framework */,
			);
			name = Frameworks;
			sourceTree = "<group>";
		};
		3114417A18CE99C700E1AFA4 /* AutoLoodViewDemo */ = {
			isa = PBXGroup;
			children = (
				31A9425218D0395300DA2EDF /* commonData */,
				3114418318CE99C700E1AFA4 /* AppDelegate.h */,
				3114418418CE99C700E1AFA4 /* AppDelegate.m */,
				3114418618CE99C700E1AFA4 /* Main.storyboard */,
				3114418918CE99C700E1AFA4 /* ViewController.h */,
				3114418A18CE99C700E1AFA4 /* ViewController.m */,
				31A9424918D038E000DA2EDF /* firstViewController.h */,
				31A9424A18D038E000DA2EDF /* firstViewController.m */,
				31A9424C18D038EF00DA2EDF /* secondViewController.h */,
				31A9424D18D038EF00DA2EDF /* secondViewController.m */,
				31A9425718D05B0700DA2EDF /* customButton.h */,
				31A9425818D05B0700DA2EDF /* customButton.m */,
				31AD933A18D199E8007F4CBF /* customView.h */,
				31AD933B18D199E8007F4CBF /* customView.m */,
				310E562D18D6849300CE3604 /* tableBarViewController.h */,
				310E562E18D6849400CE3604 /* tableBarViewController.m */,
				310E563018D684B600CE3604 /* OneViewController.h */,
				310E563118D684B600CE3604 /* OneViewController.m */,
				310E563318D684C500CE3604 /* TwoViewController.h */,
				310E563418D684C500CE3604 /* TwoViewController.m */,
				310E563618D684D500CE3604 /* ThreeViewController.h */,
				310E563718D684D500CE3604 /* ThreeViewController.m */,
				310E563918D684E300CE3604 /* FourViewController.h */,
				310E563A18D684E300CE3604 /* FourViewController.m */,
				3114418C18CE99C700E1AFA4 /* Images.xcassets */,
				31AD933718D18735007F4CBF /* dataSource */,
				3114417B18CE99C700E1AFA4 /* Supporting Files */,
			);
			path = AutoLoodViewDemo;
			sourceTree = "<group>";
		};
		3114417B18CE99C700E1AFA4 /* Supporting Files */ = {
			isa = PBXGroup;
			children = (
				3114417C18CE99C700E1AFA4 /* AutoLoodViewDemo-Info.plist */,
				3114417D18CE99C700E1AFA4 /* InfoPlist.strings */,
				3114418018CE99C700E1AFA4 /* main.m */,
				3114418218CE99C700E1AFA4 /* AutoLoodViewDemo-Prefix.pch */,
			);
			name = "Supporting Files";
			sourceTree = "<group>";
		};
		3114419918CE99C700E1AFA4 /* AutoLoodViewDemoTests */ = {
			isa = PBXGroup;
			children = (
				3114419F18CE99C700E1AFA4 /* AutoLoodViewDemoTests.m */,
				3114419A18CE99C700E1AFA4 /* Supporting Files */,
			);
			path = AutoLoodViewDemoTests;
			sourceTree = "<group>";
		};
		3114419A18CE99C700E1AFA4 /* Supporting Files */ = {
			isa = PBXGroup;
			children = (
				3114419B18CE99C700E1AFA4 /* AutoLoodViewDemoTests-Info.plist */,
				3114419C18CE99C700E1AFA4 /* InfoPlist.strings */,
			);
			name = "Supporting Files";
			sourceTree = "<group>";
		};
		31A9425218D0395300DA2EDF /* commonData */ = {
			isa = PBXGroup;
			children = (
				31A9424F18D0394B00DA2EDF /* DataListClass.h */,
				31A9425018D0394B00DA2EDF /* DataListClass.m */,
			);
			name = commonData;
			sourceTree = "<group>";
		};
		31AD933718D18735007F4CBF /* dataSource */ = {
			isa = PBXGroup;
			children = (
				31AD933D18D19DB1007F4CBF /* 2.png */,
				31A9425318D0471900DA2EDF /* DocumentsLayout_2.json */,
				31A9425418D0471900DA2EDF /* DocumentsLayout_1.json */,
				311441A918CE9F1300E1AFA4 /* DocumentsLayout.json */,
			);
			name = dataSource;
			sourceTree = "<group>";
		};
/* End PBXGroup section */

/* Begin PBXNativeTarget section */
		3114417018CE99C700E1AFA4 /* AutoLoodViewDemo */ = {
			isa = PBXNativeTarget;
			buildConfigurationList = 311441A318CE99C700E1AFA4 /* Build configuration list for PBXNativeTarget "AutoLoodViewDemo" */;
			buildPhases = (
				3114416D18CE99C700E1AFA4 /* Sources */,
				3114416E18CE99C700E1AFA4 /* Frameworks */,
				3114416F18CE99C700E1AFA4 /* Resources */,
			);
			buildRules = (
			);
			dependencies = (
			);
			name = AutoLoodViewDemo;
			productName = AutoLoodViewDemo;
			productReference = 3114417118CE99C700E1AFA4 /* AutoLoodViewDemo.app */;
			productType = "com.apple.product-type.application";
		};
		3114419118CE99C700E1AFA4 /* AutoLoodViewDemoTests */ = {
			isa = PBXNativeTarget;
			buildConfigurationList = 311441A618CE99C700E1AFA4 /* Build configuration list for PBXNativeTarget "AutoLoodViewDemoTests" */;
			buildPhases = (
				3114418E18CE99C700E1AFA4 /* Sources */,
				3114418F18CE99C700E1AFA4 /* Frameworks */,
				3114419018CE99C700E1AFA4 /* Resources */,
			);
			buildRules = (
			);
			dependencies = (
				3114419818CE99C700E1AFA4 /* PBXTargetDependency */,
			);
			name = AutoLoodViewDemoTests;
			productName = AutoLoodViewDemoTests;
			productReference = 3114419218CE99C700E1AFA4 /* AutoLoodViewDemoTests.xctest */;
			productType = "com.apple.product-type.bundle.unit-test";
		};
/* End PBXNativeTarget section */

/* Begin PBXProject section */
		3114416918CE99C700E1AFA4 /* Project object */ = {
			isa = PBXProject;
			attributes = {
				LastUpgradeCheck = 0510;
				ORGANIZATIONNAME = "传晟";
				TargetAttributes = {
					3114419118CE99C700E1AFA4 = {
						TestTargetID = 3114417018CE99C700E1AFA4;
					};
				};
			};
			buildConfigurationList = 3114416C18CE99C700E1AFA4 /* Build configuration list for PBXProject "AutoLoodViewDemo" */;
			compatibilityVersion = "Xcode 3.2";
			developmentRegion = English;
			hasScannedForEncodings = 0;
			knownRegions = (
				en,
				Base,
			);
			mainGroup = 3114416818CE99C700E1AFA4;
			productRefGroup = 3114417218CE99C700E1AFA4 /* Products */;
			projectDirPath = "";
			projectRoot = "";
			targets = (
				3114417018CE99C700E1AFA4 /* AutoLoodViewDemo */,
				3114419118CE99C700E1AFA4 /* AutoLoodViewDemoTests */,
			);
		};
/* End PBXProject section */

/* Begin PBXResourcesBuildPhase section */
		3114416F18CE99C700E1AFA4 /* Resources */ = {
			isa = PBXResourcesBuildPhase;
			buildActionMask = 2147483647;
			files = (
				311441AA18CE9F1300E1AFA4 /* DocumentsLayout.json in Resources */,
				31A9425518D0471900DA2EDF /* DocumentsLayout_2.json in Resources */,
				31AD933E18D19DB1007F4CBF /* 2.png in Resources */,
				31A9425618D0471900DA2EDF /* DocumentsLayout_1.json in Resources */,
				3114418D18CE99C700E1AFA4 /* Images.xcassets in Resources */,
				3114417F18CE99C700E1AFA4 /* InfoPlist.strings in Resources */,
				3114418818CE99C700E1AFA4 /* Main.storyboard in Resources */,
			);
			runOnlyForDeploymentPostprocessing = 0;
		};
		3114419018CE99C700E1AFA4 /* Resources */ = {
			isa = PBXResourcesBuildPhase;
			buildActionMask = 2147483647;
			files = (
				3114419E18CE99C700E1AFA4 /* InfoPlist.strings in Resources */,
			);
			runOnlyForDeploymentPostprocessing = 0;
		};
/* End PBXResourcesBuildPhase section */

/* Begin PBXSourcesBuildPhase section */
		3114416D18CE99C700E1AFA4 /* Sources */ = {
			isa = PBXSourcesBuildPhase;
			buildActionMask = 2147483647;
			files = (
				310E563518D684C500CE3604 /* TwoViewController.m in Sources */,
				31A9425118D0394B00DA2EDF /* DataListClass.m in Sources */,
				310E563218D684B600CE3604 /* OneViewController.m in Sources */,
				310E563818D684D500CE3604 /* ThreeViewController.m in Sources */,
				3114418B18CE99C700E1AFA4 /* ViewController.m in Sources */,
				3114418518CE99C700E1AFA4 /* AppDelegate.m in Sources */,
				3114418118CE99C700E1AFA4 /* main.m in Sources */,
				310E562F18D6849400CE3604 /* tableBarViewController.m in Sources */,
				31A9425918D05B0700DA2EDF /* customButton.m in Sources */,
				31AD933C18D199E8007F4CBF /* customView.m in Sources */,
				310E563B18D684E300CE3604 /* FourViewController.m in Sources */,
				31A9424B18D038E000DA2EDF /* firstViewController.m in Sources */,
				31A9424E18D038EF00DA2EDF /* secondViewController.m in Sources */,
			);
			runOnlyForDeploymentPostprocessing = 0;
		};
		3114418E18CE99C700E1AFA4 /* Sources */ = {
			isa = PBXSourcesBuildPhase;
			buildActionMask = 2147483647;
			files = (
				311441A018CE99C700E1AFA4 /* AutoLoodViewDemoTests.m in Sources */,
			);
			runOnlyForDeploymentPostprocessing = 0;
		};
/* End PBXSourcesBuildPhase section */

/* Begin PBXTargetDependency section */
		3114419818CE99C700E1AFA4 /* PBXTargetDependency */ = {
			isa = PBXTargetDependency;
			target = 3114417018CE99C700E1AFA4 /* AutoLoodViewDemo */;
			targetProxy = 3114419718CE99C700E1AFA4 /* PBXContainerItemProxy */;
		};
/* End PBXTargetDependency section */

/* Begin PBXVariantGroup section */
		3114417D18CE99C700E1AFA4 /* InfoPlist.strings */ = {
			isa = PBXVariantGroup;
			children = (
				3114417E18CE99C700E1AFA4 /* en */,
			);
			name = InfoPlist.strings;
			sourceTree = "<group>";
		};
		3114418618CE99C700E1AFA4 /* Main.storyboard */ = {
			isa = PBXVariantGroup;
			children = (
				3114418718CE99C700E1AFA4 /* Base */,
			);
			name = Main.storyboard;
			sourceTree = "<group>";
		};
		3114419C18CE99C700E1AFA4 /* InfoPlist.strings */ = {
			isa = PBXVariantGroup;
			children = (
				3114419D18CE99C700E1AFA4 /* en */,
			);
			name = InfoPlist.strings;
			sourceTree = "<group>";
		};
/* End PBXVariantGroup section */

/* Begin XCBuildConfiguration section */
		311441A118CE99C700E1AFA4 /* Debug */ = {
			isa = XCBuildConfiguration;
			buildSettings = {
				ALWAYS_SEARCH_USER_PATHS = NO;
				CLANG_CXX_LANGUAGE_STANDARD = "gnu++0x";
				CLANG_CXX_LIBRARY = "libc++";
				CLANG_ENABLE_MODULES = YES;
				CLANG_ENABLE_OBJC_ARC = YES;
				CLANG_WARN_BOOL_CONVERSION = YES;
				CLANG_WARN_CONSTANT_CONVERSION = YES;
				CLANG_WARN_DIRECT_OBJC_ISA_USAGE = YES_ERROR;
				CLANG_WARN_EMPTY_BODY = YES;
				CLANG_WARN_ENUM_CONVERSION = YES;
				CLANG_WARN_INT_CONVERSION = YES;
				CLANG_WARN_OBJC_ROOT_CLASS = YES_ERROR;
				CLANG_WARN__DUPLICATE_METHOD_MATCH = YES;
				"CODE_SIGN_IDENTITY[sdk=iphoneos*]" = "iPhone Developer";
				COPY_PHASE_STRIP = NO;
				GCC_C_LANGUAGE_STANDARD = gnu99;
				GCC_DYNAMIC_NO_PIC = NO;
				GCC_OPTIMIZATION_LEVEL = 0;
				GCC_PREPROCESSOR_DEFINITIONS = (
					"DEBUG=1",
					"$(inherited)",
				);
				GCC_SYMBOLS_PRIVATE_EXTERN = NO;
				GCC_WARN_64_TO_32_BIT_CONVERSION = YES;
				GCC_WARN_ABOUT_RETURN_TYPE = YES_ERROR;
				GCC_WARN_UNDECLARED_SELECTOR = YES;
				GCC_WARN_UNINITIALIZED_AUTOS = YES;
				GCC_WARN_UNUSED_FUNCTION = YES;
				GCC_WARN_UNUSED_VARIABLE = YES;
				IPHONEOS_DEPLOYMENT_TARGET = 7.0;
				ONLY_ACTIVE_ARCH = YES;
				SDKROOT = iphoneos;
			};
			name = Debug;
		};
		311441A218CE99C700E1AFA4 /* Release */ = {
			isa = XCBuildConfiguration;
			buildSettings = {
				ALWAYS_SEARCH_USER_PATHS = NO;
				CLANG_CXX_LANGUAGE_STANDARD = "gnu++0x";
				CLANG_CXX_LIBRARY = "libc++";
				CLANG_ENABLE_MODULES = YES;
				CLANG_ENABLE_OBJC_ARC = YES;
				CLANG_WARN_BOOL_CONVERSION = YES;
				CLANG_WARN_CONSTANT_CONVERSION = YES;
				CLANG_WARN_DIRECT_OBJC_ISA_USAGE = YES_ERROR;
				CLANG_WARN_EMPTY_BODY = YES;
				CLANG_WARN_ENUM_CONVERSION = YES;
				CLANG_WARN_INT_CONVERSION = YES;
				CLANG_WARN_OBJC_ROOT_CLASS = YES_ERROR;
				CLANG_WARN__DUPLICATE_METHOD_MATCH = YES;
				"CODE_SIGN_IDENTITY[sdk=iphoneos*]" = "iPhone Developer";
				COPY_PHASE_STRIP = YES;
				ENABLE_NS_ASSERTIONS = NO;
				GCC_C_LANGUAGE_STANDARD = gnu99;
				GCC_WARN_64_TO_32_BIT_CONVERSION = YES;
				GCC_WARN_ABOUT_RETURN_TYPE = YES_ERROR;
				GCC_WARN_UNDECLARED_SELECTOR = YES;
				GCC_WARN_UNINITIALIZED_AUTOS = YES;
				GCC_WARN_UNUSED_FUNCTION = YES;
				GCC_WARN_UNUSED_VARIABLE = YES;
				IPHONEOS_DEPLOYMENT_TARGET = 7.0;
				SDKROOT = iphoneos;
				VALIDATE_PRODUCT = YES;
			};
			name = Release;
		};
		311441A418CE99C700E1AFA4 /* Debug */ = {
			isa = XCBuildConfiguration;
			buildSettings = {
				ASSETCATALOG_COMPILER_APPICON_NAME = AppIcon;
				ASSETCATALOG_COMPILER_LAUNCHIMAGE_NAME = LaunchImage;
				GCC_PRECOMPILE_PREFIX_HEADER = YES;
				GCC_PREFIX_HEADER = "AutoLoodViewDemo/AutoLoodViewDemo-Prefix.pch";
				INFOPLIST_FILE = "AutoLoodViewDemo/AutoLoodViewDemo-Info.plist";
				PRODUCT_NAME = "$(TARGET_NAME)";
				WRAPPER_EXTENSION = app;
			};
			name = Debug;
		};
		311441A518CE99C700E1AFA4 /* Release */ = {
			isa = XCBuildConfiguration;
			buildSettings = {
				ASSETCATALOG_COMPILER_APPICON_NAME = AppIcon;
				ASSETCATALOG_COMPILER_LAUNCHIMAGE_NAME = LaunchImage;
				GCC_PRECOMPILE_PREFIX_HEADER = YES;
				GCC_PREFIX_HEADER = "AutoLoodViewDemo/AutoLoodViewDemo-Prefix.pch";
				INFOPLIST_FILE = "AutoLoodViewDemo/AutoLoodViewDemo-Info.plist";
				PRODUCT_NAME = "$(TARGET_NAME)";
				WRAPPER_EXTENSION = app;
			};
			name = Release;
		};
		311441A718CE99C700E1AFA4 /* Debug */ = {
			isa = XCBuildConfiguration;
			buildSettings = {
				BUNDLE_LOADER = "$(BUILT_PRODUCTS_DIR)/AutoLoodViewDemo.app/AutoLoodViewDemo";
				FRAMEWORK_SEARCH_PATHS = (
					"$(SDKROOT)/Developer/Library/Frameworks",
					"$(inherited)",
					"$(DEVELOPER_FRAMEWORKS_DIR)",
				);
				GCC_PRECOMPILE_PREFIX_HEADER = YES;
				GCC_PREFIX_HEADER = "AutoLoodViewDemo/AutoLoodViewDemo-Prefix.pch";
				GCC_PREPROCESSOR_DEFINITIONS = (
					"DEBUG=1",
					"$(inherited)",
				);
				INFOPLIST_FILE = "AutoLoodViewDemoTests/AutoLoodViewDemoTests-Info.plist";
				PRODUCT_NAME = "$(TARGET_NAME)";
				TEST_HOST = "$(BUNDLE_LOADER)";
				WRAPPER_EXTENSION = xctest;
			};
			name = Debug;
		};
		311441A818CE99C700E1AFA4 /* Release */ = {
			isa = XCBuildConfiguration;
			buildSettings = {
				BUNDLE_LOADER = "$(BUILT_PRODUCTS_DIR)/AutoLoodViewDemo.app/AutoLoodViewDemo";
				FRAMEWORK_SEARCH_PATHS = (
					"$(SDKROOT)/Developer/Library/Frameworks",
					"$(inherited)",
					"$(DEVELOPER_FRAMEWORKS_DIR)",
				);
				GCC_PRECOMPILE_PREFIX_HEADER = YES;
				GCC_PREFIX_HEADER = "AutoLoodViewDemo/AutoLoodViewDemo-Prefix.pch";
				INFOPLIST_FILE = "AutoLoodViewDemoTests/AutoLoodViewDemoTests-Info.plist";
				PRODUCT_NAME = "$(TARGET_NAME)";
				TEST_HOST = "$(BUNDLE_LOADER)";
				WRAPPER_EXTENSION = xctest;
			};
			name = Release;
		};
/* End XCBuildConfiguration section */

/* Begin XCConfigurationList section */
		3114416C18CE99C700E1AFA4 /* Build configuration list for PBXProject "AutoLoodViewDemo" */ = {
			isa = XCConfigurationList;
			buildConfigurations = (
				311441A118CE99C700E1AFA4 /* Debug */,
				311441A218CE99C700E1AFA4 /* Release */,
			);
			defaultConfigurationIsVisible = 0;
			defaultConfigurationName = Release;
		};
		311441A318CE99C700E1AFA4 /* Build configuration list for PBXNativeTarget "AutoLoodViewDemo" */ = {
			isa = XCConfigurationList;
			buildConfigurations = (
				311441A418CE99C700E1AFA4 /* Debug */,
				311441A518CE99C700E1AFA4 /* Release */,
			);
			defaultConfigurationIsVisible = 0;
			defaultConfigurationName = Release;
		};
		311441A618CE99C700E1AFA4 /* Build configuration list for PBXNativeTarget "AutoLoodViewDemoTests" */ = {
			isa = XCConfigurationList;
			buildConfigurations = (
				311441A718CE99C700E1AFA4 /* Debug */,
				311441A818CE99C700E1AFA4 /* Release */,
			);
			defaultConfigurationIsVisible = 0;
			defaultConfigurationName = Release;
		};
/* End XCConfigurationList section */
	};
	rootObject = 3114416918CE99C700E1AFA4 /* Project object */;
}
